
Microsoft Visual Studio Solution File, Format Version 12.00
# Visual Studio Version 17
VisualStudioVersion = 17.6.33723.286
MinimumVisualStudioVersion = 10.0.40219.1
Project("{9A19103F-16F7-4668-BE54-9A1E7A4F7556}") = "Resunet", "Resunet\Resunet.csproj", "{43E9CDDD-AB20-43D2-9115-DE59E3BD0198}"
EndProject
Project("{FAE04EC0-301F-11D3-BF4B-00C04F79EFBC}") = "Resutest", "Resutest\Resutest.csproj", "{99E56B8F-080C-4C09-AB98-8F4E0D63373E}"
EndProject
Global
	GlobalSection(SolutionConfigurationPlatforms) = preSolution
		Debug|Any CPU = Debug|Any CPU
		Release|Any CPU = Release|Any CPU
	EndGlobalSection
	GlobalSection(ProjectConfigurationPlatforms) = postSolution
		{43E9CDDD-AB20-43D2-9115-DE59E3BD0198}.Debug|Any CPU.ActiveCfg = Debug|Any CPU
		{43E9CDDD-AB20-43D2-9115-DE59E3BD0198}.Debug|Any CPU.Build.0 = Debug|Any CPU
		{43E9CDDD-AB20-43D2-9115-DE59E3BD0198}.Release|Any CPU.ActiveCfg = Release|Any CPU
		{43E9CDDD-AB20-43D2-9115-DE59E3BD0198}.Release|Any CPU.Build.0 = Release|Any CPU
		{99E56B8F-080C-4C09-AB98-8F4E0D63373E}.Debug|Any CPU.ActiveCfg = Debug|Any CPU
		{99E56B8F-080C-4C09-AB98-8F4E0D63373E}.Debug|Any CPU.Build.0 = Debug|Any CPU
		{99E56B8F-080C-4C09-AB98-8F4E0D63373E}.Release|Any CPU.ActiveCfg = Release|Any CPU
		{99E56B8F-080C-4C09-AB98-8F4E0D63373E}.Release|Any CPU.Build.0 = Release|Any CPU
	EndGlobalSection
	GlobalSection(SolutionProperties) = preSolution
		HideSolutionNode = FALSE
	EndGlobalSection
	GlobalSection(ExtensibilityGlobals) = postSolution
		SolutionGuid = {C4FAF2F2-4966-4EFF-B425-76E6CDEC82A3}
	EndGlobalSection
EndGlobal
